// !$*UTF8*$!
{
	archiveVersion = 1;
	classes = {
	};
	objectVersion = 51;
	objects = {

/* Begin PBXBuildFile section */
		3388A4637AE28DB80F12CBCA /* Pods_RxSwiftLearn.framework in Frameworks */ = {isa = PBXBuildFile; fileRef = 8DB7FF933D09A47B9BD89E46 /* Pods_RxSwiftLearn.framework */; };
		4119BD49264187C400321531 /* AppDelegate.swift in Sources */ = {isa = PBXBuildFile; fileRef = 4119BD48264187C400321531 /* AppDelegate.swift */; };
		4119BD4B264187C400321531 /* SceneDelegate.swift in Sources */ = {isa = PBXBuildFile; fileRef = 4119BD4A264187C400321531 /* SceneDelegate.swift */; };
		4119BD52264187C500321531 /* Assets.xcassets in Resources */ = {isa = PBXBuildFile; fileRef = 4119BD51264187C500321531 /* Assets.xcassets */; };
		4119BD55264187C500321531 /* LaunchScreen.storyboard in Resources */ = {isa = PBXBuildFile; fileRef = 4119BD53264187C500321531 /* LaunchScreen.storyboard */; };
		4119BD67264189EB00321531 /* TimerViewController.swift in Sources */ = {isa = PBXBuildFile; fileRef = 4119BD65264189EB00321531 /* TimerViewController.swift */; };
		4119BD68264189EB00321531 /* TimerViewController.xib in Resources */ = {isa = PBXBuildFile; fileRef = 4119BD66264189EB00321531 /* TimerViewController.xib */; };
		4119BD712641929500321531 /* ImageResizeViewController.swift in Sources */ = {isa = PBXBuildFile; fileRef = 4119BD6F2641929500321531 /* ImageResizeViewController.swift */; };
		4119BD722641929500321531 /* ImageResizeViewController.xib in Resources */ = {isa = PBXBuildFile; fileRef = 4119BD702641929500321531 /* ImageResizeViewController.xib */; };
		4119BD762642453D00321531 /* Models.swift in Sources */ = {isa = PBXBuildFile; fileRef = 4119BD752642453D00321531 /* Models.swift */; };
		4119BD7C264246D200321531 /* NetWorking.swift in Sources */ = {isa = PBXBuildFile; fileRef = 4119BD7B264246D200321531 /* NetWorking.swift */; };
		4119BD80264246E300321531 /* NetworkingResult.swift in Sources */ = {isa = PBXBuildFile; fileRef = 4119BD7F264246E300321531 /* NetworkingResult.swift */; };
		4119BD83264246F900321531 /* NetWorkingError.swift in Sources */ = {isa = PBXBuildFile; fileRef = 4119BD82264246F900321531 /* NetWorkingError.swift */; };
		4119BD882642613700321531 /* CategoriesViewController.swift in Sources */ = {isa = PBXBuildFile; fileRef = 4119BD862642613700321531 /* CategoriesViewController.swift */; };
		4119BD892642613700321531 /* CategoriesViewController.xib in Resources */ = {isa = PBXBuildFile; fileRef = 4119BD872642613700321531 /* CategoriesViewController.xib */; };
		4119BD9226429A7D00321531 /* CategoryDetailViewController.swift in Sources */ = {isa = PBXBuildFile; fileRef = 4119BD9026429A7D00321531 /* CategoryDetailViewController.swift */; };
		4119BD9326429A7D00321531 /* CategoryDetailViewController.xib in Resources */ = {isa = PBXBuildFile; fileRef = 4119BD9126429A7D00321531 /* CategoryDetailViewController.xib */; };
		4119BD9826429E9900321531 /* ItemTableViewCell.swift in Sources */ = {isa = PBXBuildFile; fileRef = 4119BD9626429E9900321531 /* ItemTableViewCell.swift */; };
		4119BD9926429E9900321531 /* ItemTableViewCell.xib in Resources */ = {isa = PBXBuildFile; fileRef = 4119BD9726429E9900321531 /* ItemTableViewCell.xib */; };
/* End PBXBuildFile section */

/* Begin PBXFileReference section */
		4119BD45264187C400321531 /* RxSwiftLearn.app */ = {isa = PBXFileReference; explicitFileType = wrapper.application; includeInIndex = 0; path = RxSwiftLearn.app; sourceTree = BUILT_PRODUCTS_DIR; };
		4119BD48264187C400321531 /* AppDelegate.swift */ = {isa = PBXFileReference; lastKnownFileType = sourcecode.swift; path = AppDelegate.swift; sourceTree = "<group>"; };
		4119BD4A264187C400321531 /* SceneDelegate.swift */ = {isa = PBXFileReference; lastKnownFileType = sourcecode.swift; path = SceneDelegate.swift; sourceTree = "<group>"; };
		4119BD51264187C500321531 /* Assets.xcassets */ = {isa = PBXFileReference; lastKnownFileType = folder.assetcatalog; path = Assets.xcassets; sourceTree = "<group>"; };
		4119BD54264187C500321531 /* Base */ = {isa = PBXFileReference; lastKnownFileType = file.storyboard; name = Base; path = Base.lproj/LaunchScreen.storyboard; sourceTree = "<group>"; };
		4119BD56264187C500321531 /* Info.plist */ = {isa = PBXFileReference; lastKnownFileType = text.plist.xml; path = Info.plist; sourceTree = "<group>"; };
		4119BD65264189EB00321531 /* TimerViewController.swift */ = {isa = PBXFileReference; lastKnownFileType = sourcecode.swift; path = TimerViewController.swift; sourceTree = "<group>"; };
		4119BD66264189EB00321531 /* TimerViewController.xib */ = {isa = PBXFileReference; lastKnownFileType = file.xib; path = TimerViewController.xib; sourceTree = "<group>"; };
		4119BD6F2641929500321531 /* ImageResizeViewController.swift */ = {isa = PBXFileReference; lastKnownFileType = sourcecode.swift; path = ImageResizeViewController.swift; sourceTree = "<group>"; };
		4119BD702641929500321531 /* ImageResizeViewController.xib */ = {isa = PBXFileReference; lastKnownFileType = file.xib; path = ImageResizeViewController.xib; sourceTree = "<group>"; };
		4119BD752642453D00321531 /* Models.swift */ = {isa = PBXFileReference; lastKnownFileType = sourcecode.swift; path = Models.swift; sourceTree = "<group>"; };
		4119BD7B264246D200321531 /* NetWorking.swift */ = {isa = PBXFileReference; lastKnownFileType = sourcecode.swift; path = NetWorking.swift; sourceTree = "<group>"; };
		4119BD7F264246E300321531 /* NetworkingResult.swift */ = {isa = PBXFileReference; lastKnownFileType = sourcecode.swift; path = NetworkingResult.swift; sourceTree = "<group>"; };
		4119BD82264246F900321531 /* NetWorkingError.swift */ = {isa = PBXFileReference; lastKnownFileType = sourcecode.swift; path = NetWorkingError.swift; sourceTree = "<group>"; };
		4119BD862642613700321531 /* CategoriesViewController.swift */ = {isa = PBXFileReference; lastKnownFileType = sourcecode.swift; path = CategoriesViewController.swift; sourceTree = "<group>"; };
		4119BD872642613700321531 /* CategoriesViewController.xib */ = {isa = PBXFileReference; lastKnownFileType = file.xib; path = CategoriesViewController.xib; sourceTree = "<group>"; };
		4119BD9026429A7D00321531 /* CategoryDetailViewController.swift */ = {isa = PBXFileReference; lastKnownFileType = sourcecode.swift; path = CategoryDetailViewController.swift; sourceTree = "<group>"; };
		4119BD9126429A7D00321531 /* CategoryDetailViewController.xib */ = {isa = PBXFileReference; lastKnownFileType = file.xib; path = CategoryDetailViewController.xib; sourceTree = "<group>"; };
		4119BD9626429E9900321531 /* ItemTableViewCell.swift */ = {isa = PBXFileReference; lastKnownFileType = sourcecode.swift; path = ItemTableViewCell.swift; sourceTree = "<group>"; };
		4119BD9726429E9900321531 /* ItemTableViewCell.xib */ = {isa = PBXFileReference; lastKnownFileType = file.xib; path = ItemTableViewCell.xib; sourceTree = "<group>"; };
		585C1B25BCCD821CE3CC4A1C /* Pods-RxSwiftLearn.release.xcconfig */ = {isa = PBXFileReference; includeInIndex = 1; lastKnownFileType = text.xcconfig; name = "Pods-RxSwiftLearn.release.xcconfig"; path = "Target Support Files/Pods-RxSwiftLearn/Pods-RxSwiftLearn.release.xcconfig"; sourceTree = "<group>"; };
		8DB7FF933D09A47B9BD89E46 /* Pods_RxSwiftLearn.framework */ = {isa = PBXFileReference; explicitFileType = wrapper.framework; includeInIndex = 0; path = Pods_RxSwiftLearn.framework; sourceTree = BUILT_PRODUCTS_DIR; };
		97863471275DC13DB76D19D2 /* Pods-RxSwiftLearn.debug.xcconfig */ = {isa = PBXFileReference; includeInIndex = 1; lastKnownFileType = text.xcconfig; name = "Pods-RxSwiftLearn.debug.xcconfig"; path = "Target Support Files/Pods-RxSwiftLearn/Pods-RxSwiftLearn.debug.xcconfig"; sourceTree = "<group>"; };
/* End PBXFileReference section */

/* Begin PBXFrameworksBuildPhase section */
		4119BD42264187C400321531 /* Frameworks */ = {
			isa = PBXFrameworksBuildPhase;
			buildActionMask = 2147483647;
			files = (
				3388A4637AE28DB80F12CBCA /* Pods_RxSwiftLearn.framework in Frameworks */,
			);
			runOnlyForDeploymentPostprocessing = 0;
		};
/* End PBXFrameworksBuildPhase section */

/* Begin PBXGroup section */
		2CCE5C870F7D13288AD708F2 /* Frameworks */ = {
			isa = PBXGroup;
			children = (
				8DB7FF933D09A47B9BD89E46 /* Pods_RxSwiftLearn.framework */,
			);
			name = Frameworks;
			sourceTree = "<group>";
		};
		4119BD3C264187C400321531 = {
			isa = PBXGroup;
			children = (
				4119BD47264187C400321531 /* RxSwiftLearn */,
				4119BD46264187C400321531 /* Products */,
				B4924DB6F0FB46C330934299 /* Pods */,
				2CCE5C870F7D13288AD708F2 /* Frameworks */,
			);
			sourceTree = "<group>";
		};
		4119BD46264187C400321531 /* Products */ = {
			isa = PBXGroup;
			children = (
				4119BD45264187C400321531 /* RxSwiftLearn.app */,
			);
			name = Products;
			sourceTree = "<group>";
		};
		4119BD47264187C400321531 /* RxSwiftLearn */ = {
			isa = PBXGroup;
			children = (
				4119BD6B26418C3700321531 /* AppResource */,
				4119BD7A264246B500321531 /* NetWorking */,
				4119BD742642451F00321531 /* Model */,
				4119BD64264189D100321531 /* View */,
				4119BD56264187C500321531 /* Info.plist */,
			);
			path = RxSwiftLearn;
			sourceTree = "<group>";
		};
		4119BD64264189D100321531 /* View */ = {
			isa = PBXGroup;
			children = (
				4119BD9526429E6500321531 /* ItemTableViewCell */,
				4119BD8F26429A2F00321531 /* ListItemByCategory */,
				4119BD852642610900321531 /* CategoriesList */,
				4119BD6E2641927C00321531 /* ImageResize */,
				4119BD6D2641927000321531 /* TimerUpDown */,
			);
			path = View;
			sourceTree = "<group>";
		};
		4119BD6B26418C3700321531 /* AppResource */ = {
			isa = PBXGroup;
			children = (
				4119BD48264187C400321531 /* AppDelegate.swift */,
				4119BD4A264187C400321531 /* SceneDelegate.swift */,
				4119BD51264187C500321531 /* Assets.xcassets */,
				4119BD53264187C500321531 /* LaunchScreen.storyboard */,
			);
			path = AppResource;
			sourceTree = "<group>";
		};
		4119BD6D2641927000321531 /* TimerUpDown */ = {
			isa = PBXGroup;
			children = (
				4119BD65264189EB00321531 /* TimerViewController.swift */,
				4119BD66264189EB00321531 /* TimerViewController.xib */,
			);
			path = TimerUpDown;
			sourceTree = "<group>";
		};
		4119BD6E2641927C00321531 /* ImageResize */ = {
			isa = PBXGroup;
			children = (
				4119BD6F2641929500321531 /* ImageResizeViewController.swift */,
				4119BD702641929500321531 /* ImageResizeViewController.xib */,
			);
			path = ImageResize;
			sourceTree = "<group>";
		};
		4119BD742642451F00321531 /* Model */ = {
			isa = PBXGroup;
			children = (
				4119BD752642453D00321531 /* Models.swift */,
			);
			path = Model;
			sourceTree = "<group>";
		};
		4119BD7A264246B500321531 /* NetWorking */ = {
			isa = PBXGroup;
			children = (
				4119BD7B264246D200321531 /* NetWorking.swift */,
				4119BD7F264246E300321531 /* NetworkingResult.swift */,
				4119BD82264246F900321531 /* NetWorkingError.swift */,
			);
			path = NetWorking;
			sourceTree = "<group>";
		};
		4119BD852642610900321531 /* CategoriesList */ = {
			isa = PBXGroup;
			children = (
				4119BD862642613700321531 /* CategoriesViewController.swift */,
				4119BD872642613700321531 /* CategoriesViewController.xib */,
			);
			path = CategoriesList;
			sourceTree = "<group>";
		};
		4119BD8F26429A2F00321531 /* ListItemByCategory */ = {
			isa = PBXGroup;
			children = (
				4119BD9026429A7D00321531 /* CategoryDetailViewController.swift */,
				4119BD9126429A7D00321531 /* CategoryDetailViewController.xib */,
			);
			path = ListItemByCategory;
			sourceTree = "<group>";
		};
		4119BD9526429E6500321531 /* ItemTableViewCell */ = {
			isa = PBXGroup;
			children = (
				4119BD9626429E9900321531 /* ItemTableViewCell.swift */,
				4119BD9726429E9900321531 /* ItemTableViewCell.xib */,
			);
			path = ItemTableViewCell;
			sourceTree = "<group>";
		};
		B4924DB6F0FB46C330934299 /* Pods */ = {
			isa = PBXGroup;
			children = (
				97863471275DC13DB76D19D2 /* Pods-RxSwiftLearn.debug.xcconfig */,
				585C1B25BCCD821CE3CC4A1C /* Pods-RxSwiftLearn.release.xcconfig */,
			);
			path = Pods;
			sourceTree = "<group>";
		};
/* End PBXGroup section */

/* Begin PBXNativeTarget section */
		4119BD44264187C400321531 /* RxSwiftLearn */ = {
			isa = PBXNativeTarget;
			buildConfigurationList = 4119BD59264187C500321531 /* Build configuration list for PBXNativeTarget "RxSwiftLearn" */;
			buildPhases = (
				28131D72149CF76487F95E20 /* [CP] Check Pods Manifest.lock */,
				4119BD41264187C400321531 /* Sources */,
				4119BD42264187C400321531 /* Frameworks */,
				4119BD43264187C400321531 /* Resources */,
				041B5C38A2362B49DD3EC031 /* [CP] Embed Pods Frameworks */,
			);
			buildRules = (
			);
			dependencies = (
			);
			name = RxSwiftLearn;
			productName = RxSwiftLearn;
			productReference = 4119BD45264187C400321531 /* RxSwiftLearn.app */;
			productType = "com.apple.product-type.application";
		};
/* End PBXNativeTarget section */

/* Begin PBXProject section */
		4119BD3D264187C400321531 /* Project object */ = {
			isa = PBXProject;
			attributes = {
				LastSwiftUpdateCheck = 1240;
				LastUpgradeCheck = 1240;
				TargetAttributes = {
					4119BD44264187C400321531 = {
						CreatedOnToolsVersion = 12.4;
					};
				};
			};
			buildConfigurationList = 4119BD40264187C400321531 /* Build configuration list for PBXProject "RxSwiftLearn" */;
			compatibilityVersion = "Xcode 9.3";
			developmentRegion = en;
			hasScannedForEncodings = 0;
			knownRegions = (
				en,
				Base,
			);
			mainGroup = 4119BD3C264187C400321531;
			productRefGroup = 4119BD46264187C400321531 /* Products */;
			projectDirPath = "";
			projectRoot = "";
			targets = (
				4119BD44264187C400321531 /* RxSwiftLearn */,
			);
		};
/* End PBXProject section */

/* Begin PBXResourcesBuildPhase section */
		4119BD43264187C400321531 /* Resources */ = {
			isa = PBXResourcesBuildPhase;
			buildActionMask = 2147483647;
			files = (
				4119BD68264189EB00321531 /* TimerViewController.xib in Resources */,
				4119BD55264187C500321531 /* LaunchScreen.storyboard in Resources */,
				4119BD722641929500321531 /* ImageResizeViewController.xib in Resources */,
				4119BD892642613700321531 /* CategoriesViewController.xib in Resources */,
				4119BD9326429A7D00321531 /* CategoryDetailViewController.xib in Resources */,
				4119BD9926429E9900321531 /* ItemTableViewCell.xib in Resources */,
				4119BD52264187C500321531 /* Assets.xcassets in Resources */,
			);
			runOnlyForDeploymentPostprocessing = 0;
		};
/* End PBXResourcesBuildPhase section */

/* Begin PBXShellScriptBuildPhase section */
		041B5C38A2362B49DD3EC031 /* [CP] Embed Pods Frameworks */ = {
			isa = PBXShellScriptBuildPhase;
			buildActionMask = 2147483647;
			files = (
			);
			inputFileListPaths = (
				"${PODS_ROOT}/Target Support Files/Pods-RxSwiftLearn/Pods-RxSwiftLearn-frameworks-${CONFIGURATION}-input-files.xcfilelist",
			);
			name = "[CP] Embed Pods Frameworks";
			outputFileListPaths = (
				"${PODS_ROOT}/Target Support Files/Pods-RxSwiftLearn/Pods-RxSwiftLearn-frameworks-${CONFIGURATION}-output-files.xcfilelist",
			);
			runOnlyForDeploymentPostprocessing = 0;
			shellPath = /bin/sh;
			shellScript = "\"${PODS_ROOT}/Target Support Files/Pods-RxSwiftLearn/Pods-RxSwiftLearn-frameworks.sh\"\n";
			showEnvVarsInLog = 0;
		};
		28131D72149CF76487F95E20 /* [CP] Check Pods Manifest.lock */ = {
			isa = PBXShellScriptBuildPhase;
			buildActionMask = 2147483647;
			files = (
			);
			inputFileListPaths = (
			);
			inputPaths = (
				"${PODS_PODFILE_DIR_PATH}/Podfile.lock",
				"${PODS_ROOT}/Manifest.lock",
			);
			name = "[CP] Check Pods Manifest.lock";
			outputFileListPaths = (
			);
			outputPaths = (
				"$(DERIVED_FILE_DIR)/Pods-RxSwiftLearn-checkManifestLockResult.txt",
			);
			runOnlyForDeploymentPostprocessing = 0;
			shellPath = /bin/sh;
			shellScript = "diff \"${PODS_PODFILE_DIR_PATH}/Podfile.lock\" \"${PODS_ROOT}/Manifest.lock\" > /dev/null\nif [ $? != 0 ] ; then\n    # print error to STDERR\n    echo \"error: The sandbox is not in sync with the Podfile.lock. Run 'pod install' or update your CocoaPods installation.\" >&2\n    exit 1\nfi\n# This output is used by Xcode 'outputs' to avoid re-running this script phase.\necho \"SUCCESS\" > \"${SCRIPT_OUTPUT_FILE_0}\"\n";
			showEnvVarsInLog = 0;
		};
/* End PBXShellScriptBuildPhase section */

/* Begin PBXSourcesBuildPhase section */
		4119BD41264187C400321531 /* Sources */ = {
			isa = PBXSourcesBuildPhase;
			buildActionMask = 2147483647;
			files = (
				4119BD49264187C400321531 /* AppDelegate.swift in Sources */,
				4119BD67264189EB00321531 /* TimerViewController.swift in Sources */,
				4119BD83264246F900321531 /* NetWorkingError.swift in Sources */,
				4119BD712641929500321531 /* ImageResizeViewController.swift in Sources */,
				4119BD882642613700321531 /* CategoriesViewController.swift in Sources */,
				4119BD4B264187C400321531 /* SceneDelegate.swift in Sources */,
				4119BD762642453D00321531 /* Models.swift in Sources */,
				4119BD80264246E300321531 /* NetworkingResult.swift in Sources */,
				4119BD7C264246D200321531 /* NetWorking.swift in Sources */,
				4119BD9826429E9900321531 /* ItemTableViewCell.swift in Sources */,
				4119BD9226429A7D00321531 /* CategoryDetailViewController.swift in Sources */,
			);
			runOnlyForDeploymentPostprocessing = 0;
		};
/* End PBXSourcesBuildPhase section */

/* Begin PBXVariantGroup section */
		4119BD53264187C500321531 /* LaunchScreen.storyboard */ = {
			isa = PBXVariantGroup;
			children = (
				4119BD54264187C500321531 /* Base */,
			);
			name = LaunchScreen.storyboard;
			sourceTree = "<group>";
		};
/* End PBXVariantGroup section */

/* Begin XCBuildConfiguration section */
		4119BD57264187C500321531 /* Debug */ = {
			isa = XCBuildConfiguration;
			buildSettings = {
				ALWAYS_SEARCH_USER_PATHS = NO;
				CLANG_ANALYZER_NONNULL = YES;
				CLANG_ANALYZER_NUMBER_OBJECT_CONVERSION = YES_AGGRESSIVE;
				CLANG_CXX_LANGUAGE_STANDARD = "gnu++14";
				CLANG_CXX_LIBRARY = "libc++";
				CLANG_ENABLE_MODULES = YES;
				CLANG_ENABLE_OBJC_ARC = YES;
				CLANG_ENABLE_OBJC_WEAK = YES;
				CLANG_WARN_BLOCK_CAPTURE_AUTORELEASING = YES;
				CLANG_WARN_BOOL_CONVERSION = YES;
				CLANG_WARN_COMMA = YES;
				CLANG_WARN_CONSTANT_CONVERSION = YES;
				CLANG_WARN_DEPRECATED_OBJC_IMPLEMENTATIONS = YES;
				CLANG_WARN_DIRECT_OBJC_ISA_USAGE = YES_ERROR;
				CLANG_WARN_DOCUMENTATION_COMMENTS = YES;
				CLANG_WARN_EMPTY_BODY = YES;
				CLANG_WARN_ENUM_CONVERSION = YES;
				CLANG_WARN_INFINITE_RECURSION = YES;
				CLANG_WARN_INT_CONVERSION = YES;
				CLANG_WARN_NON_LITERAL_NULL_CONVERSION = YES;
				CLANG_WARN_OBJC_IMPLICIT_RETAIN_SELF = YES;
				CLANG_WARN_OBJC_LITERAL_CONVERSION = YES;
				CLANG_WARN_OBJC_ROOT_CLASS = YES_ERROR;
				CLANG_WARN_QUOTED_INCLUDE_IN_FRAMEWORK_HEADER = YES;
				CLANG_WARN_RANGE_LOOP_ANALYSIS = YES;
				CLANG_WARN_STRICT_PROTOTYPES = YES;
				CLANG_WARN_SUSPICIOUS_MOVE = YES;
				CLANG_WARN_UNGUARDED_AVAILABILITY = YES_AGGRESSIVE;
				CLANG_WARN_UNREACHABLE_CODE = YES;
				CLANG_WARN__DUPLICATE_METHOD_MATCH = YES;
				COPY_PHASE_STRIP = NO;
				DEBUG_INFORMATION_FORMAT = dwarf;
				ENABLE_STRICT_OBJC_MSGSEND = YES;
				ENABLE_TESTABILITY = YES;
				GCC_C_LANGUAGE_STANDARD = gnu11;
				GCC_DYNAMIC_NO_PIC = NO;
				GCC_NO_COMMON_BLOCKS = YES;
				GCC_OPTIMIZATION_LEVEL = 0;
				GCC_PREPROCESSOR_DEFINITIONS = (
					"DEBUG=1",
					"$(inherited)",
				);
				GCC_WARN_64_TO_32_BIT_CONVERSION = YES;
				GCC_WARN_ABOUT_RETURN_TYPE = YES_ERROR;
				GCC_WARN_UNDECLARED_SELECTOR = YES;
				GCC_WARN_UNINITIALIZED_AUTOS = YES_AGGRESSIVE;
				GCC_WARN_UNUSED_FUNCTION = YES;
				GCC_WARN_UNUSED_VARIABLE = YES;
				IPHONEOS_DEPLOYMENT_TARGET = 14.4;
				MTL_ENABLE_DEBUG_INFO = INCLUDE_SOURCE;
				MTL_FAST_MATH = YES;
				ONLY_ACTIVE_ARCH = YES;
				SDKROOT = iphoneos;
				SWIFT_ACTIVE_COMPILATION_CONDITIONS = DEBUG;
				SWIFT_OPTIMIZATION_LEVEL = "-Onone";
			};
			name = Debug;
		};
		4119BD58264187C500321531 /* Release */ = {
			isa = XCBuildConfiguration;
			buildSettings = {
				ALWAYS_SEARCH_USER_PATHS = NO;
				CLANG_ANALYZER_NONNULL = YES;
				CLANG_ANALYZER_NUMBER_OBJECT_CONVERSION = YES_AGGRESSIVE;
				CLANG_CXX_LANGUAGE_STANDARD = "gnu++14";
				CLANG_CXX_LIBRARY = "libc++";
				CLANG_ENABLE_MODULES = YES;
				CLANG_ENABLE_OBJC_ARC = YES;
				CLANG_ENABLE_OBJC_WEAK = YES;
				CLANG_WARN_BLOCK_CAPTURE_AUTORELEASING = YES;
				CLANG_WARN_BOOL_CONVERSION = YES;
				CLANG_WARN_COMMA = YES;
				CLANG_WARN_CONSTANT_CONVERSION = YES;
				CLANG_WARN_DEPRECATED_OBJC_IMPLEMENTATIONS = YES;
				CLANG_WARN_DIRECT_OBJC_ISA_USAGE = YES_ERROR;
				CLANG_WARN_DOCUMENTATION_COMMENTS = YES;
				CLANG_WARN_EMPTY_BODY = YES;
				CLANG_WARN_ENUM_CONVERSION = YES;
				CLANG_WARN_INFINITE_RECURSION = YES;
				CLANG_WARN_INT_CONVERSION = YES;
				CLANG_WARN_NON_LITERAL_NULL_CONVERSION = YES;
				CLANG_WARN_OBJC_IMPLICIT_RETAIN_SELF = YES;
				CLANG_WARN_OBJC_LITERAL_CONVERSION = YES;
				CLANG_WARN_OBJC_ROOT_CLASS = YES_ERROR;
				CLANG_WARN_QUOTED_INCLUDE_IN_FRAMEWORK_HEADER = YES;
				CLANG_WARN_RANGE_LOOP_ANALYSIS = YES;
				CLANG_WARN_STRICT_PROTOTYPES = YES;
				CLANG_WARN_SUSPICIOUS_MOVE = YES;
				CLANG_WARN_UNGUARDED_AVAILABILITY = YES_AGGRESSIVE;
				CLANG_WARN_UNREACHABLE_CODE = YES;
				CLANG_WARN__DUPLICATE_METHOD_MATCH = YES;
				COPY_PHASE_STRIP = NO;
				DEBUG_INFORMATION_FORMAT = "dwarf-with-dsym";
				ENABLE_NS_ASSERTIONS = NO;
				ENABLE_STRICT_OBJC_MSGSEND = YES;
				GCC_C_LANGUAGE_STANDARD = gnu11;
				GCC_NO_COMMON_BLOCKS = YES;
				GCC_WARN_64_TO_32_BIT_CONVERSION = YES;
				GCC_WARN_ABOUT_RETURN_TYPE = YES_ERROR;
				GCC_WARN_UNDECLARED_SELECTOR = YES;
				GCC_WARN_UNINITIALIZED_AUTOS = YES_AGGRESSIVE;
				GCC_WARN_UNUSED_FUNCTION = YES;
				GCC_WARN_UNUSED_VARIABLE = YES;
				IPHONEOS_DEPLOYMENT_TARGET = 14.4;
				MTL_ENABLE_DEBUG_INFO = NO;
				MTL_FAST_MATH = YES;
				SDKROOT = iphoneos;
				SWIFT_COMPILATION_MODE = wholemodule;
				SWIFT_OPTIMIZATION_LEVEL = "-O";
				VALIDATE_PRODUCT = YES;
			};
			name = Release;
		};
		4119BD5A264187C500321531 /* Debug */ = {
			isa = XCBuildConfiguration;
			baseConfigurationReference = 97863471275DC13DB76D19D2 /* Pods-RxSwiftLearn.debug.xcconfig */;
			buildSettings = {
				ASSETCATALOG_COMPILER_APPICON_NAME = AppIcon;
				ASSETCATALOG_COMPILER_GLOBAL_ACCENT_COLOR_NAME = AccentColor;
				CODE_SIGN_STYLE = Automatic;
				INFOPLIST_FILE = RxSwiftLearn/Info.plist;
				LD_RUNPATH_SEARCH_PATHS = (
					"$(inherited)",
					"@executable_path/Frameworks",
				);
				PRODUCT_BUNDLE_IDENTIFIER = LinhNH36.RxSwiftLearn;
				PRODUCT_NAME = "$(TARGET_NAME)";
				SWIFT_VERSION = 5.0;
				TARGETED_DEVICE_FAMILY = "1,2";
			};
			name = Debug;
		};
		4119BD5B264187C500321531 /* Release */ = {
			isa = XCBuildConfiguration;
			baseConfigurationReference = 585C1B25BCCD821CE3CC4A1C /* Pods-RxSwiftLearn.release.xcconfig */;
			buildSettings = {
				ASSETCATALOG_COMPILER_APPICON_NAME = AppIcon;
				ASSETCATALOG_COMPILER_GLOBAL_ACCENT_COLOR_NAME = AccentColor;
				CODE_SIGN_STYLE = Automatic;
				INFOPLIST_FILE = RxSwiftLearn/Info.plist;
				LD_RUNPATH_SEARCH_PATHS = (
					"$(inherited)",
					"@executable_path/Frameworks",
				);
				PRODUCT_BUNDLE_IDENTIFIER = LinhNH36.RxSwiftLearn;
				PRODUCT_NAME = "$(TARGET_NAME)";
				SWIFT_VERSION = 5.0;
				TARGETED_DEVICE_FAMILY = "1,2";
			};
			name = Release;
		};
/* End XCBuildConfiguration section */

/* Begin XCConfigurationList section */
		4119BD40264187C400321531 /* Build configuration list for PBXProject "RxSwiftLearn" */ = {
			isa = XCConfigurationList;
			buildConfigurations = (
				4119BD57264187C500321531 /* Debug */,
				4119BD58264187C500321531 /* Release */,
			);
			defaultConfigurationIsVisible = 0;
			defaultConfigurationName = Release;
		};
		4119BD59264187C500321531 /* Build configuration list for PBXNativeTarget "RxSwiftLearn" */ = {
			isa = XCConfigurationList;
			buildConfigurations = (
				4119BD5A264187C500321531 /* Debug */,
				4119BD5B264187C500321531 /* Release */,
			);
			defaultConfigurationIsVisible = 0;
			defaultConfigurationName = Release;
		};
/* End XCConfigurationList section */
	};
	rootObject = 4119BD3D264187C400321531 /* Project object */;
}
